
Microsoft Visual Studio Solution File, Format Version 12.00
# Visual Studio Version 17
VisualStudioVersion = 17.10.35013.160
MinimumVisualStudioVersion = 10.0.40219.1
Project("{9A19103F-16F7-4668-BE54-9A1E7A4F7556}") = "Addons", "Addons\Addons.csproj", "{24507F85-A69B-408A-B90F-6B267FF2FE8F}"
EndProject
Project("{FAE04EC0-301F-11D3-BF4B-00C04F79EFBC}") = "ConsoleApp1", "ConsoleApp1\ConsoleApp1.csproj", "{85F68E9F-594B-4732-9F30-88AB6B5D5243}"
EndProject
Global
	GlobalSection(SolutionConfigurationPlatforms) = preSolution
		Debug|Any CPU = Debug|Any CPU
		Release|Any CPU = Release|Any CPU
	EndGlobalSection
	GlobalSection(ProjectConfigurationPlatforms) = postSolution
		{24507F85-A69B-408A-B90F-6B267FF2FE8F}.Debug|Any CPU.ActiveCfg = Debug|Any CPU
		{24507F85-A69B-408A-B90F-6B267FF2FE8F}.Debug|Any CPU.Build.0 = Debug|Any CPU
		{24507F85-A69B-408A-B90F-6B267FF2FE8F}.Release|Any CPU.ActiveCfg = Release|Any CPU
		{24507F85-A69B-408A-B90F-6B267FF2FE8F}.Release|Any CPU.Build.0 = Release|Any CPU
		{85F68E9F-594B-4732-9F30-88AB6B5D5243}.Debug|Any CPU.ActiveCfg = Debug|Any CPU
		{85F68E9F-594B-4732-9F30-88AB6B5D5243}.Debug|Any CPU.Build.0 = Debug|Any CPU
		{85F68E9F-594B-4732-9F30-88AB6B5D5243}.Release|Any CPU.ActiveCfg = Release|Any CPU
		{85F68E9F-594B-4732-9F30-88AB6B5D5243}.Release|Any CPU.Build.0 = Release|Any CPU
	EndGlobalSection
	GlobalSection(SolutionProperties) = preSolution
		HideSolutionNode = FALSE
	EndGlobalSection
	GlobalSection(ExtensibilityGlobals) = postSolution
		SolutionGuid = {F443E603-6A44-4FA0-99D2-CF371EDFC21E}
	EndGlobalSection
EndGlobal
